// !$*UTF8*$!
{
	archiveVersion = 1;
	classes = {
	};
	objectVersion = 50;
	objects = {

/* Begin PBXBuildFile section */
		753EE88924A4E8640087B41C /* AppDelegate.swift in Sources */ = {isa = PBXBuildFile; fileRef = 753EE88824A4E8640087B41C /* AppDelegate.swift */; };
		753EE88B24A4E8640087B41C /* SceneDelegate.swift in Sources */ = {isa = PBXBuildFile; fileRef = 753EE88A24A4E8640087B41C /* SceneDelegate.swift */; };
		753EE88D24A4E8640087B41C /* ContentView.swift in Sources */ = {isa = PBXBuildFile; fileRef = 753EE88C24A4E8640087B41C /* ContentView.swift */; };
		753EE88F24A4E8670087B41C /* Assets.xcassets in Resources */ = {isa = PBXBuildFile; fileRef = 753EE88E24A4E8670087B41C /* Assets.xcassets */; };
		753EE89224A4E8670087B41C /* Preview Assets.xcassets in Resources */ = {isa = PBXBuildFile; fileRef = 753EE89124A4E8670087B41C /* Preview Assets.xcassets */; };
		753EE89524A4E8670087B41C /* LaunchScreen.storyboard in Resources */ = {isa = PBXBuildFile; fileRef = 753EE89324A4E8670087B41C /* LaunchScreen.storyboard */; };
		753EE8A024A4E8680087B41C /* RulerCompassTests.swift in Sources */ = {isa = PBXBuildFile; fileRef = 753EE89F24A4E8680087B41C /* RulerCompassTests.swift */; };
		753EE8AB24A4ED390087B41C /* Q.swift in Sources */ = {isa = PBXBuildFile; fileRef = 753EE8AA24A4ED390087B41C /* Q.swift */; };
		753EE8AD24A6EC5C0087B41C /* DrawingStuff.swift in Sources */ = {isa = PBXBuildFile; fileRef = 753EE8AC24A6EC5C0087B41C /* DrawingStuff.swift */; };
/* End PBXBuildFile section */

/* Begin PBXContainerItemProxy section */
		753EE89C24A4E8680087B41C /* PBXContainerItemProxy */ = {
			isa = PBXContainerItemProxy;
			containerPortal = 753EE87D24A4E8640087B41C /* Project object */;
			proxyType = 1;
			remoteGlobalIDString = 753EE88424A4E8640087B41C;
			remoteInfo = RulerCompass;
		};
/* End PBXContainerItemProxy section */

/* Begin PBXFileReference section */
		753EE88524A4E8640087B41C /* RulerCompass.app */ = {isa = PBXFileReference; explicitFileType = wrapper.application; includeInIndex = 0; path = RulerCompass.app; sourceTree = BUILT_PRODUCTS_DIR; };
		753EE88824A4E8640087B41C /* AppDelegate.swift */ = {isa = PBXFileReference; lastKnownFileType = sourcecode.swift; path = AppDelegate.swift; sourceTree = "<group>"; };
		753EE88A24A4E8640087B41C /* SceneDelegate.swift */ = {isa = PBXFileReference; lastKnownFileType = sourcecode.swift; path = SceneDelegate.swift; sourceTree = "<group>"; };
		753EE88C24A4E8640087B41C /* ContentView.swift */ = {isa = PBXFileReference; lastKnownFileType = sourcecode.swift; path = ContentView.swift; sourceTree = "<group>"; };
		753EE88E24A4E8670087B41C /* Assets.xcassets */ = {isa = PBXFileReference; lastKnownFileType = folder.assetcatalog; path = Assets.xcassets; sourceTree = "<group>"; };
		753EE89124A4E8670087B41C /* Preview Assets.xcassets */ = {isa = PBXFileReference; lastKnownFileType = folder.assetcatalog; path = "Preview Assets.xcassets"; sourceTree = "<group>"; };
		753EE89424A4E8670087B41C /* Base */ = {isa = PBXFileReference; lastKnownFileType = file.storyboard; name = Base; path = Base.lproj/LaunchScreen.storyboard; sourceTree = "<group>"; };
		753EE89624A4E8670087B41C /* Info.plist */ = {isa = PBXFileReference; lastKnownFileType = text.plist.xml; path = Info.plist; sourceTree = "<group>"; };
		753EE89B24A4E8680087B41C /* RulerCompassTests.xctest */ = {isa = PBXFileReference; explicitFileType = wrapper.cfbundle; includeInIndex = 0; path = RulerCompassTests.xctest; sourceTree = BUILT_PRODUCTS_DIR; };
		753EE89F24A4E8680087B41C /* RulerCompassTests.swift */ = {isa = PBXFileReference; lastKnownFileType = sourcecode.swift; path = RulerCompassTests.swift; sourceTree = "<group>"; };
		753EE8A124A4E8680087B41C /* Info.plist */ = {isa = PBXFileReference; lastKnownFileType = text.plist.xml; path = Info.plist; sourceTree = "<group>"; };
		753EE8AA24A4ED390087B41C /* Q.swift */ = {isa = PBXFileReference; lastKnownFileType = sourcecode.swift; path = Q.swift; sourceTree = "<group>"; };
		753EE8AC24A6EC5C0087B41C /* DrawingStuff.swift */ = {isa = PBXFileReference; lastKnownFileType = sourcecode.swift; path = DrawingStuff.swift; sourceTree = "<group>"; };
/* End PBXFileReference section */

/* Begin PBXFrameworksBuildPhase section */
		753EE88224A4E8640087B41C /* Frameworks */ = {
			isa = PBXFrameworksBuildPhase;
			buildActionMask = 2147483647;
			files = (
			);
			runOnlyForDeploymentPostprocessing = 0;
		};
		753EE89824A4E8680087B41C /* Frameworks */ = {
			isa = PBXFrameworksBuildPhase;
			buildActionMask = 2147483647;
			files = (
			);
			runOnlyForDeploymentPostprocessing = 0;
		};
/* End PBXFrameworksBuildPhase section */

/* Begin PBXGroup section */
		753EE87C24A4E8640087B41C = {
			isa = PBXGroup;
			children = (
				753EE88724A4E8640087B41C /* RulerCompass */,
				753EE89E24A4E8680087B41C /* RulerCompassTests */,
				753EE88624A4E8640087B41C /* Products */,
			);
			sourceTree = "<group>";
		};
		753EE88624A4E8640087B41C /* Products */ = {
			isa = PBXGroup;
			children = (
				753EE88524A4E8640087B41C /* RulerCompass.app */,
				753EE89B24A4E8680087B41C /* RulerCompassTests.xctest */,
			);
			name = Products;
			sourceTree = "<group>";
		};
		753EE88724A4E8640087B41C /* RulerCompass */ = {
			isa = PBXGroup;
			children = (
				753EE88824A4E8640087B41C /* AppDelegate.swift */,
				753EE88A24A4E8640087B41C /* SceneDelegate.swift */,
				753EE88C24A4E8640087B41C /* ContentView.swift */,
				753EE8AC24A6EC5C0087B41C /* DrawingStuff.swift */,
				753EE8AA24A4ED390087B41C /* Q.swift */,
				753EE88E24A4E8670087B41C /* Assets.xcassets */,
				753EE89324A4E8670087B41C /* LaunchScreen.storyboard */,
				753EE89624A4E8670087B41C /* Info.plist */,
				753EE89024A4E8670087B41C /* Preview Content */,
			);
			path = RulerCompass;
			sourceTree = "<group>";
		};
		753EE89024A4E8670087B41C /* Preview Content */ = {
			isa = PBXGroup;
			children = (
				753EE89124A4E8670087B41C /* Preview Assets.xcassets */,
			);
			path = "Preview Content";
			sourceTree = "<group>";
		};
		753EE89E24A4E8680087B41C /* RulerCompassTests */ = {
			isa = PBXGroup;
			children = (
				753EE89F24A4E8680087B41C /* RulerCompassTests.swift */,
				753EE8A124A4E8680087B41C /* Info.plist */,
			);
			path = RulerCompassTests;
			sourceTree = "<group>";
		};
/* End PBXGroup section */

/* Begin PBXNativeTarget section */
		753EE88424A4E8640087B41C /* RulerCompass */ = {
			isa = PBXNativeTarget;
			buildConfigurationList = 753EE8A424A4E8680087B41C /* Build configuration list for PBXNativeTarget "RulerCompass" */;
			buildPhases = (
				753EE88124A4E8640087B41C /* Sources */,
				753EE88224A4E8640087B41C /* Frameworks */,
				753EE88324A4E8640087B41C /* Resources */,
			);
			buildRules = (
			);
			dependencies = (
			);
			name = RulerCompass;
			productName = RulerCompass;
			productReference = 753EE88524A4E8640087B41C /* RulerCompass.app */;
			productType = "com.apple.product-type.application";
		};
		753EE89A24A4E8680087B41C /* RulerCompassTests */ = {
			isa = PBXNativeTarget;
			buildConfigurationList = 753EE8A724A4E8680087B41C /* Build configuration list for PBXNativeTarget "RulerCompassTests" */;
			buildPhases = (
				753EE89724A4E8680087B41C /* Sources */,
				753EE89824A4E8680087B41C /* Frameworks */,
				753EE89924A4E8680087B41C /* Resources */,
			);
			buildRules = (
			);
			dependencies = (
				753EE89D24A4E8680087B41C /* PBXTargetDependency */,
			);
			name = RulerCompassTests;
			productName = RulerCompassTests;
			productReference = 753EE89B24A4E8680087B41C /* RulerCompassTests.xctest */;
			productType = "com.apple.product-type.bundle.unit-test";
		};
/* End PBXNativeTarget section */

/* Begin PBXProject section */
		753EE87D24A4E8640087B41C /* Project object */ = {
			isa = PBXProject;
			attributes = {
				LastSwiftUpdateCheck = 1120;
				LastUpgradeCheck = 1120;
				ORGANIZATIONNAME = "Peter Shi";
				TargetAttributes = {
					753EE88424A4E8640087B41C = {
						CreatedOnToolsVersion = 11.2.1;
					};
					753EE89A24A4E8680087B41C = {
						CreatedOnToolsVersion = 11.2.1;
						TestTargetID = 753EE88424A4E8640087B41C;
					};
				};
			};
			buildConfigurationList = 753EE88024A4E8640087B41C /* Build configuration list for PBXProject "RulerCompass" */;
			compatibilityVersion = "Xcode 9.3";
			developmentRegion = en;
			hasScannedForEncodings = 0;
			knownRegions = (
				en,
				Base,
			);
			mainGroup = 753EE87C24A4E8640087B41C;
			productRefGroup = 753EE88624A4E8640087B41C /* Products */;
			projectDirPath = "";
			projectRoot = "";
			targets = (
				753EE88424A4E8640087B41C /* RulerCompass */,
				753EE89A24A4E8680087B41C /* RulerCompassTests */,
			);
		};
/* End PBXProject section */

/* Begin PBXResourcesBuildPhase section */
		753EE88324A4E8640087B41C /* Resources */ = {
			isa = PBXResourcesBuildPhase;
			buildActionMask = 2147483647;
			files = (
				753EE89524A4E8670087B41C /* LaunchScreen.storyboard in Resources */,
				753EE89224A4E8670087B41C /* Preview Assets.xcassets in Resources */,
				753EE88F24A4E8670087B41C /* Assets.xcassets in Resources */,
			);
			runOnlyForDeploymentPostprocessing = 0;
		};
		753EE89924A4E8680087B41C /* Resources */ = {
			isa = PBXResourcesBuildPhase;
			buildActionMask = 2147483647;
			files = (
			);
			runOnlyForDeploymentPostprocessing = 0;
		};
/* End PBXResourcesBuildPhase section */

/* Begin PBXSourcesBuildPhase section */
		753EE88124A4E8640087B41C /* Sources */ = {
			isa = PBXSourcesBuildPhase;
			buildActionMask = 2147483647;
			files = (
				753EE88924A4E8640087B41C /* AppDelegate.swift in Sources */,
				753EE88B24A4E8640087B41C /* SceneDelegate.swift in Sources */,
				753EE88D24A4E8640087B41C /* ContentView.swift in Sources */,
				753EE8AB24A4ED390087B41C /* Q.swift in Sources */,
				753EE8AD24A6EC5C0087B41C /* DrawingStuff.swift in Sources */,
			);
			runOnlyForDeploymentPostprocessing = 0;
		};
		753EE89724A4E8680087B41C /* Sources */ = {
			isa = PBXSourcesBuildPhase;
			buildActionMask = 2147483647;
			files = (
				753EE8A024A4E8680087B41C /* RulerCompassTests.swift in Sources */,
			);
			runOnlyForDeploymentPostprocessing = 0;
		};
/* End PBXSourcesBuildPhase section */

/* Begin PBXTargetDependency section */
		753EE89D24A4E8680087B41C /* PBXTargetDependency */ = {
			isa = PBXTargetDependency;
			target = 753EE88424A4E8640087B41C /* RulerCompass */;
			targetProxy = 753EE89C24A4E8680087B41C /* PBXContainerItemProxy */;
		};
/* End PBXTargetDependency section */

/* Begin PBXVariantGroup section */
		753EE89324A4E8670087B41C /* LaunchScreen.storyboard */ = {
			isa = PBXVariantGroup;
			children = (
				753EE89424A4E8670087B41C /* Base */,
			);
			name = LaunchScreen.storyboard;
			sourceTree = "<group>";
		};
/* End PBXVariantGroup section */

/* Begin XCBuildConfiguration section */
		753EE8A224A4E8680087B41C /* Debug */ = {
			isa = XCBuildConfiguration;
			buildSettings = {
				ALWAYS_SEARCH_USER_PATHS = NO;
				CLANG_ANALYZER_NONNULL = YES;
				CLANG_ANALYZER_NUMBER_OBJECT_CONVERSION = YES_AGGRESSIVE;
				CLANG_CXX_LANGUAGE_STANDARD = "gnu++14";
				CLANG_CXX_LIBRARY = "libc++";
				CLANG_ENABLE_MODULES = YES;
				CLANG_ENABLE_OBJC_ARC = YES;
				CLANG_ENABLE_OBJC_WEAK = YES;
				CLANG_WARN_BLOCK_CAPTURE_AUTORELEASING = YES;
				CLANG_WARN_BOOL_CONVERSION = YES;
				CLANG_WARN_COMMA = YES;
				CLANG_WARN_CONSTANT_CONVERSION = YES;
				CLANG_WARN_DEPRECATED_OBJC_IMPLEMENTATIONS = YES;
				CLANG_WARN_DIRECT_OBJC_ISA_USAGE = YES_ERROR;
				CLANG_WARN_DOCUMENTATION_COMMENTS = YES;
				CLANG_WARN_EMPTY_BODY = YES;
				CLANG_WARN_ENUM_CONVERSION = YES;
				CLANG_WARN_INFINITE_RECURSION = YES;
				CLANG_WARN_INT_CONVERSION = YES;
				CLANG_WARN_NON_LITERAL_NULL_CONVERSION = YES;
				CLANG_WARN_OBJC_IMPLICIT_RETAIN_SELF = YES;
				CLANG_WARN_OBJC_LITERAL_CONVERSION = YES;
				CLANG_WARN_OBJC_ROOT_CLASS = YES_ERROR;
				CLANG_WARN_RANGE_LOOP_ANALYSIS = YES;
				CLANG_WARN_STRICT_PROTOTYPES = YES;
				CLANG_WARN_SUSPICIOUS_MOVE = YES;
				CLANG_WARN_UNGUARDED_AVAILABILITY = YES_AGGRESSIVE;
				CLANG_WARN_UNREACHABLE_CODE = YES;
				CLANG_WARN__DUPLICATE_METHOD_MATCH = YES;
				COPY_PHASE_STRIP = NO;
				DEBUG_INFORMATION_FORMAT = dwarf;
				ENABLE_STRICT_OBJC_MSGSEND = YES;
				ENABLE_TESTABILITY = YES;
				GCC_C_LANGUAGE_STANDARD = gnu11;
				GCC_DYNAMIC_NO_PIC = NO;
				GCC_NO_COMMON_BLOCKS = YES;
				GCC_OPTIMIZATION_LEVEL = 0;
				GCC_PREPROCESSOR_DEFINITIONS = (
					"DEBUG=1",
					"$(inherited)",
				);
				GCC_WARN_64_TO_32_BIT_CONVERSION = YES;
				GCC_WARN_ABOUT_RETURN_TYPE = YES_ERROR;
				GCC_WARN_UNDECLARED_SELECTOR = YES;
				GCC_WARN_UNINITIALIZED_AUTOS = YES_AGGRESSIVE;
				GCC_WARN_UNUSED_FUNCTION = YES;
				GCC_WARN_UNUSED_VARIABLE = YES;
				IPHONEOS_DEPLOYMENT_TARGET = 13.2;
				MTL_ENABLE_DEBUG_INFO = INCLUDE_SOURCE;
				MTL_FAST_MATH = YES;
				ONLY_ACTIVE_ARCH = YES;
				SDKROOT = iphoneos;
				SWIFT_ACTIVE_COMPILATION_CONDITIONS = DEBUG;
				SWIFT_OPTIMIZATION_LEVEL = "-Onone";
			};
			name = Debug;
		};
		753EE8A324A4E8680087B41C /* Release */ = {
			isa = XCBuildConfiguration;
			buildSettings = {
				ALWAYS_SEARCH_USER_PATHS = NO;
				CLANG_ANALYZER_NONNULL = YES;
				CLANG_ANALYZER_NUMBER_OBJECT_CONVERSION = YES_AGGRESSIVE;
				CLANG_CXX_LANGUAGE_STANDARD = "gnu++14";
				CLANG_CXX_LIBRARY = "libc++";
				CLANG_ENABLE_MODULES = YES;
				CLANG_ENABLE_OBJC_ARC = YES;
				CLANG_ENABLE_OBJC_WEAK = YES;
				CLANG_WARN_BLOCK_CAPTURE_AUTORELEASING = YES;
				CLANG_WARN_BOOL_CONVERSION = YES;
				CLANG_WARN_COMMA = YES;
				CLANG_WARN_CONSTANT_CONVERSION = YES;
				CLANG_WARN_DEPRECATED_OBJC_IMPLEMENTATIONS = YES;
				CLANG_WARN_DIRECT_OBJC_ISA_USAGE = YES_ERROR;
				CLANG_WARN_DOCUMENTATION_COMMENTS = YES;
				CLANG_WARN_EMPTY_BODY = YES;
				CLANG_WARN_ENUM_CONVERSION = YES;
				CLANG_WARN_INFINITE_RECURSION = YES;
				CLANG_WARN_INT_CONVERSION = YES;
				CLANG_WARN_NON_LITERAL_NULL_CONVERSION = YES;
				CLANG_WARN_OBJC_IMPLICIT_RETAIN_SELF = YES;
				CLANG_WARN_OBJC_LITERAL_CONVERSION = YES;
				CLANG_WARN_OBJC_ROOT_CLASS = YES_ERROR;
				CLANG_WARN_RANGE_LOOP_ANALYSIS = YES;
				CLANG_WARN_STRICT_PROTOTYPES = YES;
				CLANG_WARN_SUSPICIOUS_MOVE = YES;
				CLANG_WARN_UNGUARDED_AVAILABILITY = YES_AGGRESSIVE;
				CLANG_WARN_UNREACHABLE_CODE = YES;
				CLANG_WARN__DUPLICATE_METHOD_MATCH = YES;
				COPY_PHASE_STRIP = NO;
				DEBUG_INFORMATION_FORMAT = "dwarf-with-dsym";
				ENABLE_NS_ASSERTIONS = NO;
				ENABLE_STRICT_OBJC_MSGSEND = YES;
				GCC_C_LANGUAGE_STANDARD = gnu11;
				GCC_NO_COMMON_BLOCKS = YES;
				GCC_WARN_64_TO_32_BIT_CONVERSION = YES;
				GCC_WARN_ABOUT_RETURN_TYPE = YES_ERROR;
				GCC_WARN_UNDECLARED_SELECTOR = YES;
				GCC_WARN_UNINITIALIZED_AUTOS = YES_AGGRESSIVE;
				GCC_WARN_UNUSED_FUNCTION = YES;
				GCC_WARN_UNUSED_VARIABLE = YES;
				IPHONEOS_DEPLOYMENT_TARGET = 13.2;
				MTL_ENABLE_DEBUG_INFO = NO;
				MTL_FAST_MATH = YES;
				SDKROOT = iphoneos;
				SWIFT_COMPILATION_MODE = wholemodule;
				SWIFT_OPTIMIZATION_LEVEL = "-O";
				VALIDATE_PRODUCT = YES;
			};
			name = Release;
		};
		753EE8A524A4E8680087B41C /* Debug */ = {
			isa = XCBuildConfiguration;
			buildSettings = {
				ASSETCATALOG_COMPILER_APPICON_NAME = AppIcon;
				CODE_SIGN_STYLE = Automatic;
				DEVELOPMENT_ASSET_PATHS = "\"RulerCompass/Preview Content\"";
				DEVELOPMENT_TEAM = PK8GB92U8A;
				ENABLE_PREVIEWS = YES;
				INFOPLIST_FILE = RulerCompass/Info.plist;
				LD_RUNPATH_SEARCH_PATHS = (
					"$(inherited)",
					"@executable_path/Frameworks",
				);
				PRODUCT_BUNDLE_IDENTIFIER = com.ruiqishi.RulerCompass;
				PRODUCT_NAME = "$(TARGET_NAME)";
				SWIFT_VERSION = 5.0;
				TARGETED_DEVICE_FAMILY = "1,2";
			};
			name = Debug;
		};
		753EE8A624A4E8680087B41C /* Release */ = {
			isa = XCBuildConfiguration;
			buildSettings = {
				ASSETCATALOG_COMPILER_APPICON_NAME = AppIcon;
				CODE_SIGN_STYLE = Automatic;
				DEVELOPMENT_ASSET_PATHS = "\"RulerCompass/Preview Content\"";
				DEVELOPMENT_TEAM = PK8GB92U8A;
				ENABLE_PREVIEWS = YES;
				INFOPLIST_FILE = RulerCompass/Info.plist;
				LD_RUNPATH_SEARCH_PATHS = (
					"$(inherited)",
					"@executable_path/Frameworks",
				);
				PRODUCT_BUNDLE_IDENTIFIER = com.ruiqishi.RulerCompass;
				PRODUCT_NAME = "$(TARGET_NAME)";
				SWIFT_VERSION = 5.0;
				TARGETED_DEVICE_FAMILY = "1,2";
			};
			name = Release;
		};
		753EE8A824A4E8680087B41C /* Debug */ = {
			isa = XCBuildConfiguration;
			buildSettings = {
				ALWAYS_EMBED_SWIFT_STANDARD_LIBRARIES = YES;
				BUNDLE_LOADER = "$(TEST_HOST)";
				CODE_SIGN_STYLE = Automatic;
				DEVELOPMENT_TEAM = PK8GB92U8A;
				INFOPLIST_FILE = RulerCompassTests/Info.plist;
				IPHONEOS_DEPLOYMENT_TARGET = 13.2;
				LD_RUNPATH_SEARCH_PATHS = (
					"$(inherited)",
					"@executable_path/Frameworks",
					"@loader_path/Frameworks",
				);
				PRODUCT_BUNDLE_IDENTIFIER = com.ruiqishi.RulerCompassTests;
				PRODUCT_NAME = "$(TARGET_NAME)";
				SWIFT_VERSION = 5.0;
				TARGETED_DEVICE_FAMILY = "1,2";
				TEST_HOST = "$(BUILT_PRODUCTS_DIR)/RulerCompass.app/RulerCompass";
			};
			name = Debug;
		};
		753EE8A924A4E8680087B41C /* Release */ = {
			isa = XCBuildConfiguration;
			buildSettings = {
				ALWAYS_EMBED_SWIFT_STANDARD_LIBRARIES = YES;
				BUNDLE_LOADER = "$(TEST_HOST)";
				CODE_SIGN_STYLE = Automatic;
				DEVELOPMENT_TEAM = PK8GB92U8A;
				INFOPLIST_FILE = RulerCompassTests/Info.plist;
				IPHONEOS_DEPLOYMENT_TARGET = 13.2;
				LD_RUNPATH_SEARCH_PATHS = (
					"$(inherited)",
					"@executable_path/Frameworks",
					"@loader_path/Frameworks",
				);
				PRODUCT_BUNDLE_IDENTIFIER = com.ruiqishi.RulerCompassTests;
				PRODUCT_NAME = "$(TARGET_NAME)";
				SWIFT_VERSION = 5.0;
				TARGETED_DEVICE_FAMILY = "1,2";
				TEST_HOST = "$(BUILT_PRODUCTS_DIR)/RulerCompass.app/RulerCompass";
			};
			name = Release;
		};
/* End XCBuildConfiguration section */

/* Begin XCConfigurationList section */
		753EE88024A4E8640087B41C /* Build configuration list for PBXProject "RulerCompass" */ = {
			isa = XCConfigurationList;
			buildConfigurations = (
				753EE8A224A4E8680087B41C /* Debug */,
				753EE8A324A4E8680087B41C /* Release */,
			);
			defaultConfigurationIsVisible = 0;
			defaultConfigurationName = Release;
		};
		753EE8A424A4E8680087B41C /* Build configuration list for PBXNativeTarget "RulerCompass" */ = {
			isa = XCConfigurationList;
			buildConfigurations = (
				753EE8A524A4E8680087B41C /* Debug */,
				753EE8A624A4E8680087B41C /* Release */,
			);
			defaultConfigurationIsVisible = 0;
			defaultConfigurationName = Release;
		};
		753EE8A724A4E8680087B41C /* Build configuration list for PBXNativeTarget "RulerCompassTests" */ = {
			isa = XCConfigurationList;
			buildConfigurations = (
				753EE8A824A4E8680087B41C /* Debug */,
				753EE8A924A4E8680087B41C /* Release */,
			);
			defaultConfigurationIsVisible = 0;
			defaultConfigurationName = Release;
		};
/* End XCConfigurationList section */
	};
	rootObject = 753EE87D24A4E8640087B41C /* Project object */;
}
