// !$*UTF8*$!
{
	archiveVersion = 1;
	classes = {
	};
	objectVersion = 50;
	objects = {

/* Begin PBXBuildFile section */
		07736A062437459800E1C7E8 /* AppDelegate.swift in Sources */ = {isa = PBXBuildFile; fileRef = 07736A052437459800E1C7E8 /* AppDelegate.swift */; };
		07736A082437459800E1C7E8 /* SceneDelegate.swift in Sources */ = {isa = PBXBuildFile; fileRef = 07736A072437459800E1C7E8 /* SceneDelegate.swift */; };
		07736A0A2437459800E1C7E8 /* ViewController.swift in Sources */ = {isa = PBXBuildFile; fileRef = 07736A092437459800E1C7E8 /* ViewController.swift */; };
		07736A0D2437459800E1C7E8 /* Main.storyboard in Resources */ = {isa = PBXBuildFile; fileRef = 07736A0B2437459800E1C7E8 /* Main.storyboard */; };
		07736A0F2437459C00E1C7E8 /* Assets.xcassets in Resources */ = {isa = PBXBuildFile; fileRef = 07736A0E2437459C00E1C7E8 /* Assets.xcassets */; };
		07736A122437459C00E1C7E8 /* LaunchScreen.storyboard in Resources */ = {isa = PBXBuildFile; fileRef = 07736A102437459C00E1C7E8 /* LaunchScreen.storyboard */; };
		07736A1D2437459D00E1C7E8 /* RulerCompassTests.swift in Sources */ = {isa = PBXBuildFile; fileRef = 07736A1C2437459D00E1C7E8 /* RulerCompassTests.swift */; };
		07736A2824374AC200E1C7E8 /* EuclideanView.swift in Sources */ = {isa = PBXBuildFile; fileRef = 07736A2724374AC200E1C7E8 /* EuclideanView.swift */; };
/* End PBXBuildFile section */

/* Begin PBXContainerItemProxy section */
		07736A192437459D00E1C7E8 /* PBXContainerItemProxy */ = {
			isa = PBXContainerItemProxy;
			containerPortal = 077369FA2437459700E1C7E8 /* Project object */;
			proxyType = 1;
			remoteGlobalIDString = 07736A012437459800E1C7E8;
			remoteInfo = RulerCompass;
		};
/* End PBXContainerItemProxy section */

/* Begin PBXFileReference section */
		07736A022437459800E1C7E8 /* RulerCompass.app */ = {isa = PBXFileReference; explicitFileType = wrapper.application; includeInIndex = 0; path = RulerCompass.app; sourceTree = BUILT_PRODUCTS_DIR; };
		07736A052437459800E1C7E8 /* AppDelegate.swift */ = {isa = PBXFileReference; lastKnownFileType = sourcecode.swift; path = AppDelegate.swift; sourceTree = "<group>"; };
		07736A072437459800E1C7E8 /* SceneDelegate.swift */ = {isa = PBXFileReference; lastKnownFileType = sourcecode.swift; path = SceneDelegate.swift; sourceTree = "<group>"; };
		07736A092437459800E1C7E8 /* ViewController.swift */ = {isa = PBXFileReference; lastKnownFileType = sourcecode.swift; path = ViewController.swift; sourceTree = "<group>"; };
		07736A0C2437459800E1C7E8 /* Base */ = {isa = PBXFileReference; lastKnownFileType = file.storyboard; name = Base; path = Base.lproj/Main.storyboard; sourceTree = "<group>"; };
		07736A0E2437459C00E1C7E8 /* Assets.xcassets */ = {isa = PBXFileReference; lastKnownFileType = folder.assetcatalog; path = Assets.xcassets; sourceTree = "<group>"; };
		07736A112437459C00E1C7E8 /* Base */ = {isa = PBXFileReference; lastKnownFileType = file.storyboard; name = Base; path = Base.lproj/LaunchScreen.storyboard; sourceTree = "<group>"; };
		07736A132437459C00E1C7E8 /* Info.plist */ = {isa = PBXFileReference; lastKnownFileType = text.plist.xml; path = Info.plist; sourceTree = "<group>"; };
		07736A182437459D00E1C7E8 /* RulerCompassTests.xctest */ = {isa = PBXFileReference; explicitFileType = wrapper.cfbundle; includeInIndex = 0; path = RulerCompassTests.xctest; sourceTree = BUILT_PRODUCTS_DIR; };
		07736A1C2437459D00E1C7E8 /* RulerCompassTests.swift */ = {isa = PBXFileReference; lastKnownFileType = sourcecode.swift; path = RulerCompassTests.swift; sourceTree = "<group>"; };
		07736A1E2437459D00E1C7E8 /* Info.plist */ = {isa = PBXFileReference; lastKnownFileType = text.plist.xml; path = Info.plist; sourceTree = "<group>"; };
		07736A2724374AC200E1C7E8 /* EuclideanView.swift */ = {isa = PBXFileReference; lastKnownFileType = sourcecode.swift; path = EuclideanView.swift; sourceTree = "<group>"; };
/* End PBXFileReference section */

/* Begin PBXFrameworksBuildPhase section */
		077369FF2437459800E1C7E8 /* Frameworks */ = {
			isa = PBXFrameworksBuildPhase;
			buildActionMask = 2147483647;
			files = (
			);
			runOnlyForDeploymentPostprocessing = 0;
		};
		07736A152437459D00E1C7E8 /* Frameworks */ = {
			isa = PBXFrameworksBuildPhase;
			buildActionMask = 2147483647;
			files = (
			);
			runOnlyForDeploymentPostprocessing = 0;
		};
/* End PBXFrameworksBuildPhase section */

/* Begin PBXGroup section */
		077369F92437459700E1C7E8 = {
			isa = PBXGroup;
			children = (
				07736A042437459800E1C7E8 /* RulerCompass */,
				07736A1B2437459D00E1C7E8 /* RulerCompassTests */,
				07736A032437459800E1C7E8 /* Products */,
			);
			sourceTree = "<group>";
		};
		07736A032437459800E1C7E8 /* Products */ = {
			isa = PBXGroup;
			children = (
				07736A022437459800E1C7E8 /* RulerCompass.app */,
				07736A182437459D00E1C7E8 /* RulerCompassTests.xctest */,
			);
			name = Products;
			sourceTree = "<group>";
		};
		07736A042437459800E1C7E8 /* RulerCompass */ = {
			isa = PBXGroup;
			children = (
				07736A052437459800E1C7E8 /* AppDelegate.swift */,
				07736A072437459800E1C7E8 /* SceneDelegate.swift */,
				07736A092437459800E1C7E8 /* ViewController.swift */,
				07736A2724374AC200E1C7E8 /* EuclideanView.swift */,
				07736A0B2437459800E1C7E8 /* Main.storyboard */,
				07736A0E2437459C00E1C7E8 /* Assets.xcassets */,
				07736A102437459C00E1C7E8 /* LaunchScreen.storyboard */,
				07736A132437459C00E1C7E8 /* Info.plist */,
			);
			path = RulerCompass;
			sourceTree = "<group>";
		};
		07736A1B2437459D00E1C7E8 /* RulerCompassTests */ = {
			isa = PBXGroup;
			children = (
				07736A1C2437459D00E1C7E8 /* RulerCompassTests.swift */,
				07736A1E2437459D00E1C7E8 /* Info.plist */,
			);
			path = RulerCompassTests;
			sourceTree = "<group>";
		};
/* End PBXGroup section */

/* Begin PBXNativeTarget section */
		07736A012437459800E1C7E8 /* RulerCompass */ = {
			isa = PBXNativeTarget;
			buildConfigurationList = 07736A212437459D00E1C7E8 /* Build configuration list for PBXNativeTarget "RulerCompass" */;
			buildPhases = (
				077369FE2437459800E1C7E8 /* Sources */,
				077369FF2437459800E1C7E8 /* Frameworks */,
				07736A002437459800E1C7E8 /* Resources */,
			);
			buildRules = (
			);
			dependencies = (
			);
			name = RulerCompass;
			productName = RulerCompass;
			productReference = 07736A022437459800E1C7E8 /* RulerCompass.app */;
			productType = "com.apple.product-type.application";
		};
		07736A172437459D00E1C7E8 /* RulerCompassTests */ = {
			isa = PBXNativeTarget;
			buildConfigurationList = 07736A242437459D00E1C7E8 /* Build configuration list for PBXNativeTarget "RulerCompassTests" */;
			buildPhases = (
				07736A142437459D00E1C7E8 /* Sources */,
				07736A152437459D00E1C7E8 /* Frameworks */,
				07736A162437459D00E1C7E8 /* Resources */,
			);
			buildRules = (
			);
			dependencies = (
				07736A1A2437459D00E1C7E8 /* PBXTargetDependency */,
			);
			name = RulerCompassTests;
			productName = RulerCompassTests;
			productReference = 07736A182437459D00E1C7E8 /* RulerCompassTests.xctest */;
			productType = "com.apple.product-type.bundle.unit-test";
		};
/* End PBXNativeTarget section */

/* Begin PBXProject section */
		077369FA2437459700E1C7E8 /* Project object */ = {
			isa = PBXProject;
			attributes = {
				LastSwiftUpdateCheck = 1140;
				LastUpgradeCheck = 1140;
				ORGANIZATIONNAME = "Gold Thumb Inc.";
				TargetAttributes = {
					07736A012437459800E1C7E8 = {
						CreatedOnToolsVersion = 11.4;
					};
					07736A172437459D00E1C7E8 = {
						CreatedOnToolsVersion = 11.4;
						TestTargetID = 07736A012437459800E1C7E8;
					};
				};
			};
			buildConfigurationList = 077369FD2437459700E1C7E8 /* Build configuration list for PBXProject "RulerCompass" */;
			compatibilityVersion = "Xcode 9.3";
			developmentRegion = en;
			hasScannedForEncodings = 0;
			knownRegions = (
				en,
				Base,
			);
			mainGroup = 077369F92437459700E1C7E8;
			productRefGroup = 07736A032437459800E1C7E8 /* Products */;
			projectDirPath = "";
			projectRoot = "";
			targets = (
				07736A012437459800E1C7E8 /* RulerCompass */,
				07736A172437459D00E1C7E8 /* RulerCompassTests */,
			);
		};
/* End PBXProject section */

/* Begin PBXResourcesBuildPhase section */
		07736A002437459800E1C7E8 /* Resources */ = {
			isa = PBXResourcesBuildPhase;
			buildActionMask = 2147483647;
			files = (
				07736A122437459C00E1C7E8 /* LaunchScreen.storyboard in Resources */,
				07736A0F2437459C00E1C7E8 /* Assets.xcassets in Resources */,
				07736A0D2437459800E1C7E8 /* Main.storyboard in Resources */,
			);
			runOnlyForDeploymentPostprocessing = 0;
		};
		07736A162437459D00E1C7E8 /* Resources */ = {
			isa = PBXResourcesBuildPhase;
			buildActionMask = 2147483647;
			files = (
			);
			runOnlyForDeploymentPostprocessing = 0;
		};
/* End PBXResourcesBuildPhase section */

/* Begin PBXSourcesBuildPhase section */
		077369FE2437459800E1C7E8 /* Sources */ = {
			isa = PBXSourcesBuildPhase;
			buildActionMask = 2147483647;
			files = (
				07736A0A2437459800E1C7E8 /* ViewController.swift in Sources */,
				07736A062437459800E1C7E8 /* AppDelegate.swift in Sources */,
				07736A082437459800E1C7E8 /* SceneDelegate.swift in Sources */,
				07736A2824374AC200E1C7E8 /* EuclideanView.swift in Sources */,
			);
			runOnlyForDeploymentPostprocessing = 0;
		};
		07736A142437459D00E1C7E8 /* Sources */ = {
			isa = PBXSourcesBuildPhase;
			buildActionMask = 2147483647;
			files = (
				07736A1D2437459D00E1C7E8 /* RulerCompassTests.swift in Sources */,
			);
			runOnlyForDeploymentPostprocessing = 0;
		};
/* End PBXSourcesBuildPhase section */

/* Begin PBXTargetDependency section */
		07736A1A2437459D00E1C7E8 /* PBXTargetDependency */ = {
			isa = PBXTargetDependency;
			target = 07736A012437459800E1C7E8 /* RulerCompass */;
			targetProxy = 07736A192437459D00E1C7E8 /* PBXContainerItemProxy */;
		};
/* End PBXTargetDependency section */

/* Begin PBXVariantGroup section */
		07736A0B2437459800E1C7E8 /* Main.storyboard */ = {
			isa = PBXVariantGroup;
			children = (
				07736A0C2437459800E1C7E8 /* Base */,
			);
			name = Main.storyboard;
			sourceTree = "<group>";
		};
		07736A102437459C00E1C7E8 /* LaunchScreen.storyboard */ = {
			isa = PBXVariantGroup;
			children = (
				07736A112437459C00E1C7E8 /* Base */,
			);
			name = LaunchScreen.storyboard;
			sourceTree = "<group>";
		};
/* End PBXVariantGroup section */

/* Begin XCBuildConfiguration section */
		07736A1F2437459D00E1C7E8 /* Debug */ = {
			isa = XCBuildConfiguration;
			buildSettings = {
				ALWAYS_SEARCH_USER_PATHS = NO;
				CLANG_ANALYZER_NONNULL = YES;
				CLANG_ANALYZER_NUMBER_OBJECT_CONVERSION = YES_AGGRESSIVE;
				CLANG_CXX_LANGUAGE_STANDARD = "gnu++14";
				CLANG_CXX_LIBRARY = "libc++";
				CLANG_ENABLE_MODULES = YES;
				CLANG_ENABLE_OBJC_ARC = YES;
				CLANG_ENABLE_OBJC_WEAK = YES;
				CLANG_WARN_BLOCK_CAPTURE_AUTORELEASING = YES;
				CLANG_WARN_BOOL_CONVERSION = YES;
				CLANG_WARN_COMMA = YES;
				CLANG_WARN_CONSTANT_CONVERSION = YES;
				CLANG_WARN_DEPRECATED_OBJC_IMPLEMENTATIONS = YES;
				CLANG_WARN_DIRECT_OBJC_ISA_USAGE = YES_ERROR;
				CLANG_WARN_DOCUMENTATION_COMMENTS = YES;
				CLANG_WARN_EMPTY_BODY = YES;
				CLANG_WARN_ENUM_CONVERSION = YES;
				CLANG_WARN_INFINITE_RECURSION = YES;
				CLANG_WARN_INT_CONVERSION = YES;
				CLANG_WARN_NON_LITERAL_NULL_CONVERSION = YES;
				CLANG_WARN_OBJC_IMPLICIT_RETAIN_SELF = YES;
				CLANG_WARN_OBJC_LITERAL_CONVERSION = YES;
				CLANG_WARN_OBJC_ROOT_CLASS = YES_ERROR;
				CLANG_WARN_RANGE_LOOP_ANALYSIS = YES;
				CLANG_WARN_STRICT_PROTOTYPES = YES;
				CLANG_WARN_SUSPICIOUS_MOVE = YES;
				CLANG_WARN_UNGUARDED_AVAILABILITY = YES_AGGRESSIVE;
				CLANG_WARN_UNREACHABLE_CODE = YES;
				CLANG_WARN__DUPLICATE_METHOD_MATCH = YES;
				COPY_PHASE_STRIP = NO;
				DEBUG_INFORMATION_FORMAT = dwarf;
				ENABLE_STRICT_OBJC_MSGSEND = YES;
				ENABLE_TESTABILITY = YES;
				GCC_C_LANGUAGE_STANDARD = gnu11;
				GCC_DYNAMIC_NO_PIC = NO;
				GCC_NO_COMMON_BLOCKS = YES;
				GCC_OPTIMIZATION_LEVEL = 0;
				GCC_PREPROCESSOR_DEFINITIONS = (
					"DEBUG=1",
					"$(inherited)",
				);
				GCC_WARN_64_TO_32_BIT_CONVERSION = YES;
				GCC_WARN_ABOUT_RETURN_TYPE = YES_ERROR;
				GCC_WARN_UNDECLARED_SELECTOR = YES;
				GCC_WARN_UNINITIALIZED_AUTOS = YES_AGGRESSIVE;
				GCC_WARN_UNUSED_FUNCTION = YES;
				GCC_WARN_UNUSED_VARIABLE = YES;
				IPHONEOS_DEPLOYMENT_TARGET = 13.4;
				MTL_ENABLE_DEBUG_INFO = INCLUDE_SOURCE;
				MTL_FAST_MATH = YES;
				ONLY_ACTIVE_ARCH = YES;
				SDKROOT = iphoneos;
				SWIFT_ACTIVE_COMPILATION_CONDITIONS = DEBUG;
				SWIFT_OPTIMIZATION_LEVEL = "-Onone";
			};
			name = Debug;
		};
		07736A202437459D00E1C7E8 /* Release */ = {
			isa = XCBuildConfiguration;
			buildSettings = {
				ALWAYS_SEARCH_USER_PATHS = NO;
				CLANG_ANALYZER_NONNULL = YES;
				CLANG_ANALYZER_NUMBER_OBJECT_CONVERSION = YES_AGGRESSIVE;
				CLANG_CXX_LANGUAGE_STANDARD = "gnu++14";
				CLANG_CXX_LIBRARY = "libc++";
				CLANG_ENABLE_MODULES = YES;
				CLANG_ENABLE_OBJC_ARC = YES;
				CLANG_ENABLE_OBJC_WEAK = YES;
				CLANG_WARN_BLOCK_CAPTURE_AUTORELEASING = YES;
				CLANG_WARN_BOOL_CONVERSION = YES;
				CLANG_WARN_COMMA = YES;
				CLANG_WARN_CONSTANT_CONVERSION = YES;
				CLANG_WARN_DEPRECATED_OBJC_IMPLEMENTATIONS = YES;
				CLANG_WARN_DIRECT_OBJC_ISA_USAGE = YES_ERROR;
				CLANG_WARN_DOCUMENTATION_COMMENTS = YES;
				CLANG_WARN_EMPTY_BODY = YES;
				CLANG_WARN_ENUM_CONVERSION = YES;
				CLANG_WARN_INFINITE_RECURSION = YES;
				CLANG_WARN_INT_CONVERSION = YES;
				CLANG_WARN_NON_LITERAL_NULL_CONVERSION = YES;
				CLANG_WARN_OBJC_IMPLICIT_RETAIN_SELF = YES;
				CLANG_WARN_OBJC_LITERAL_CONVERSION = YES;
				CLANG_WARN_OBJC_ROOT_CLASS = YES_ERROR;
				CLANG_WARN_RANGE_LOOP_ANALYSIS = YES;
				CLANG_WARN_STRICT_PROTOTYPES = YES;
				CLANG_WARN_SUSPICIOUS_MOVE = YES;
				CLANG_WARN_UNGUARDED_AVAILABILITY = YES_AGGRESSIVE;
				CLANG_WARN_UNREACHABLE_CODE = YES;
				CLANG_WARN__DUPLICATE_METHOD_MATCH = YES;
				COPY_PHASE_STRIP = NO;
				DEBUG_INFORMATION_FORMAT = "dwarf-with-dsym";
				ENABLE_NS_ASSERTIONS = NO;
				ENABLE_STRICT_OBJC_MSGSEND = YES;
				GCC_C_LANGUAGE_STANDARD = gnu11;
				GCC_NO_COMMON_BLOCKS = YES;
				GCC_WARN_64_TO_32_BIT_CONVERSION = YES;
				GCC_WARN_ABOUT_RETURN_TYPE = YES_ERROR;
				GCC_WARN_UNDECLARED_SELECTOR = YES;
				GCC_WARN_UNINITIALIZED_AUTOS = YES_AGGRESSIVE;
				GCC_WARN_UNUSED_FUNCTION = YES;
				GCC_WARN_UNUSED_VARIABLE = YES;
				IPHONEOS_DEPLOYMENT_TARGET = 13.4;
				MTL_ENABLE_DEBUG_INFO = NO;
				MTL_FAST_MATH = YES;
				SDKROOT = iphoneos;
				SWIFT_COMPILATION_MODE = wholemodule;
				SWIFT_OPTIMIZATION_LEVEL = "-O";
				VALIDATE_PRODUCT = YES;
			};
			name = Release;
		};
		07736A222437459D00E1C7E8 /* Debug */ = {
			isa = XCBuildConfiguration;
			buildSettings = {
				ASSETCATALOG_COMPILER_APPICON_NAME = AppIcon;
				CODE_SIGN_STYLE = Automatic;
				DEVELOPMENT_TEAM = J8B74FCZCC;
				INFOPLIST_FILE = RulerCompass/Info.plist;
				LD_RUNPATH_SEARCH_PATHS = (
					"$(inherited)",
					"@executable_path/Frameworks",
				);
				PRODUCT_BUNDLE_IDENTIFIER = com.goldthumb.RulerCompass;
				PRODUCT_NAME = "$(TARGET_NAME)";
				SWIFT_VERSION = 5.0;
				TARGETED_DEVICE_FAMILY = "1,2";
			};
			name = Debug;
		};
		07736A232437459D00E1C7E8 /* Release */ = {
			isa = XCBuildConfiguration;
			buildSettings = {
				ASSETCATALOG_COMPILER_APPICON_NAME = AppIcon;
				CODE_SIGN_STYLE = Automatic;
				DEVELOPMENT_TEAM = J8B74FCZCC;
				INFOPLIST_FILE = RulerCompass/Info.plist;
				LD_RUNPATH_SEARCH_PATHS = (
					"$(inherited)",
					"@executable_path/Frameworks",
				);
				PRODUCT_BUNDLE_IDENTIFIER = com.goldthumb.RulerCompass;
				PRODUCT_NAME = "$(TARGET_NAME)";
				SWIFT_VERSION = 5.0;
				TARGETED_DEVICE_FAMILY = "1,2";
			};
			name = Release;
		};
		07736A252437459D00E1C7E8 /* Debug */ = {
			isa = XCBuildConfiguration;
			buildSettings = {
				ALWAYS_EMBED_SWIFT_STANDARD_LIBRARIES = YES;
				BUNDLE_LOADER = "$(TEST_HOST)";
				CODE_SIGN_STYLE = Automatic;
				DEVELOPMENT_TEAM = J8B74FCZCC;
				INFOPLIST_FILE = RulerCompassTests/Info.plist;
				IPHONEOS_DEPLOYMENT_TARGET = 13.4;
				LD_RUNPATH_SEARCH_PATHS = (
					"$(inherited)",
					"@executable_path/Frameworks",
					"@loader_path/Frameworks",
				);
				PRODUCT_BUNDLE_IDENTIFIER = com.goldthumb.RulerCompassTests;
				PRODUCT_NAME = "$(TARGET_NAME)";
				SWIFT_VERSION = 5.0;
				TARGETED_DEVICE_FAMILY = "1,2";
				TEST_HOST = "$(BUILT_PRODUCTS_DIR)/RulerCompass.app/RulerCompass";
			};
			name = Debug;
		};
		07736A262437459D00E1C7E8 /* Release */ = {
			isa = XCBuildConfiguration;
			buildSettings = {
				ALWAYS_EMBED_SWIFT_STANDARD_LIBRARIES = YES;
				BUNDLE_LOADER = "$(TEST_HOST)";
				CODE_SIGN_STYLE = Automatic;
				DEVELOPMENT_TEAM = J8B74FCZCC;
				INFOPLIST_FILE = RulerCompassTests/Info.plist;
				IPHONEOS_DEPLOYMENT_TARGET = 13.4;
				LD_RUNPATH_SEARCH_PATHS = (
					"$(inherited)",
					"@executable_path/Frameworks",
					"@loader_path/Frameworks",
				);
				PRODUCT_BUNDLE_IDENTIFIER = com.goldthumb.RulerCompassTests;
				PRODUCT_NAME = "$(TARGET_NAME)";
				SWIFT_VERSION = 5.0;
				TARGETED_DEVICE_FAMILY = "1,2";
				TEST_HOST = "$(BUILT_PRODUCTS_DIR)/RulerCompass.app/RulerCompass";
			};
			name = Release;
		};
/* End XCBuildConfiguration section */

/* Begin XCConfigurationList section */
		077369FD2437459700E1C7E8 /* Build configuration list for PBXProject "RulerCompass" */ = {
			isa = XCConfigurationList;
			buildConfigurations = (
				07736A1F2437459D00E1C7E8 /* Debug */,
				07736A202437459D00E1C7E8 /* Release */,
			);
			defaultConfigurationIsVisible = 0;
			defaultConfigurationName = Release;
		};
		07736A212437459D00E1C7E8 /* Build configuration list for PBXNativeTarget "RulerCompass" */ = {
			isa = XCConfigurationList;
			buildConfigurations = (
				07736A222437459D00E1C7E8 /* Debug */,
				07736A232437459D00E1C7E8 /* Release */,
			);
			defaultConfigurationIsVisible = 0;
			defaultConfigurationName = Release;
		};
		07736A242437459D00E1C7E8 /* Build configuration list for PBXNativeTarget "RulerCompassTests" */ = {
			isa = XCConfigurationList;
			buildConfigurations = (
				07736A252437459D00E1C7E8 /* Debug */,
				07736A262437459D00E1C7E8 /* Release */,
			);
			defaultConfigurationIsVisible = 0;
			defaultConfigurationName = Release;
		};
/* End XCConfigurationList section */
	};
	rootObject = 077369FA2437459700E1C7E8 /* Project object */;
}
