// !$*UTF8*$!
{
	archiveVersion = 1;
	classes = {
	};
	objectVersion = 50;
	objects = {

/* Begin PBXBuildFile section */
		36EC8AFE245CABBD00746CC8 /* AppDelegate.swift in Sources */ = {isa = PBXBuildFile; fileRef = 36EC8AFD245CABBD00746CC8 /* AppDelegate.swift */; };
		36EC8B00245CABBD00746CC8 /* ViewController.swift in Sources */ = {isa = PBXBuildFile; fileRef = 36EC8AFF245CABBD00746CC8 /* ViewController.swift */; };
		36EC8B03245CABBD00746CC8 /* Main.storyboard in Resources */ = {isa = PBXBuildFile; fileRef = 36EC8B01245CABBD00746CC8 /* Main.storyboard */; };
		36EC8B05245CABBE00746CC8 /* Assets.xcassets in Resources */ = {isa = PBXBuildFile; fileRef = 36EC8B04245CABBE00746CC8 /* Assets.xcassets */; };
		36EC8B08245CABBE00746CC8 /* LaunchScreen.storyboard in Resources */ = {isa = PBXBuildFile; fileRef = 36EC8B06245CABBE00746CC8 /* LaunchScreen.storyboard */; };
		36EC8B13245CABBE00746CC8 /* RulerCompassTests.swift in Sources */ = {isa = PBXBuildFile; fileRef = 36EC8B12245CABBE00746CC8 /* RulerCompassTests.swift */; };
		36EC8B1E245CAD1100746CC8 /* BoardView.swift in Sources */ = {isa = PBXBuildFile; fileRef = 36EC8B1D245CAD1100746CC8 /* BoardView.swift */; };
/* End PBXBuildFile section */

/* Begin PBXContainerItemProxy section */
		36EC8B0F245CABBE00746CC8 /* PBXContainerItemProxy */ = {
			isa = PBXContainerItemProxy;
			containerPortal = 36EC8AF2245CABBD00746CC8 /* Project object */;
			proxyType = 1;
			remoteGlobalIDString = 36EC8AF9245CABBD00746CC8;
			remoteInfo = RulerCompass;
		};
/* End PBXContainerItemProxy section */

/* Begin PBXFileReference section */
		36EC8AFA245CABBD00746CC8 /* RulerCompass.app */ = {isa = PBXFileReference; explicitFileType = wrapper.application; includeInIndex = 0; path = RulerCompass.app; sourceTree = BUILT_PRODUCTS_DIR; };
		36EC8AFD245CABBD00746CC8 /* AppDelegate.swift */ = {isa = PBXFileReference; lastKnownFileType = sourcecode.swift; path = AppDelegate.swift; sourceTree = "<group>"; };
		36EC8AFF245CABBD00746CC8 /* ViewController.swift */ = {isa = PBXFileReference; lastKnownFileType = sourcecode.swift; path = ViewController.swift; sourceTree = "<group>"; };
		36EC8B02245CABBD00746CC8 /* Base */ = {isa = PBXFileReference; lastKnownFileType = file.storyboard; name = Base; path = Base.lproj/Main.storyboard; sourceTree = "<group>"; };
		36EC8B04245CABBE00746CC8 /* Assets.xcassets */ = {isa = PBXFileReference; lastKnownFileType = folder.assetcatalog; path = Assets.xcassets; sourceTree = "<group>"; };
		36EC8B07245CABBE00746CC8 /* Base */ = {isa = PBXFileReference; lastKnownFileType = file.storyboard; name = Base; path = Base.lproj/LaunchScreen.storyboard; sourceTree = "<group>"; };
		36EC8B09245CABBE00746CC8 /* Info.plist */ = {isa = PBXFileReference; lastKnownFileType = text.plist.xml; path = Info.plist; sourceTree = "<group>"; };
		36EC8B0E245CABBE00746CC8 /* RulerCompassTests.xctest */ = {isa = PBXFileReference; explicitFileType = wrapper.cfbundle; includeInIndex = 0; path = RulerCompassTests.xctest; sourceTree = BUILT_PRODUCTS_DIR; };
		36EC8B12245CABBE00746CC8 /* RulerCompassTests.swift */ = {isa = PBXFileReference; lastKnownFileType = sourcecode.swift; path = RulerCompassTests.swift; sourceTree = "<group>"; };
		36EC8B14245CABBE00746CC8 /* Info.plist */ = {isa = PBXFileReference; lastKnownFileType = text.plist.xml; path = Info.plist; sourceTree = "<group>"; };
		36EC8B1D245CAD1100746CC8 /* BoardView.swift */ = {isa = PBXFileReference; lastKnownFileType = sourcecode.swift; path = BoardView.swift; sourceTree = "<group>"; };
/* End PBXFileReference section */

/* Begin PBXFrameworksBuildPhase section */
		36EC8AF7245CABBD00746CC8 /* Frameworks */ = {
			isa = PBXFrameworksBuildPhase;
			buildActionMask = 2147483647;
			files = (
			);
			runOnlyForDeploymentPostprocessing = 0;
		};
		36EC8B0B245CABBE00746CC8 /* Frameworks */ = {
			isa = PBXFrameworksBuildPhase;
			buildActionMask = 2147483647;
			files = (
			);
			runOnlyForDeploymentPostprocessing = 0;
		};
/* End PBXFrameworksBuildPhase section */

/* Begin PBXGroup section */
		36EC8AF1245CABBD00746CC8 = {
			isa = PBXGroup;
			children = (
				36EC8AFC245CABBD00746CC8 /* RulerCompass */,
				36EC8B11245CABBE00746CC8 /* RulerCompassTests */,
				36EC8AFB245CABBD00746CC8 /* Products */,
			);
			sourceTree = "<group>";
		};
		36EC8AFB245CABBD00746CC8 /* Products */ = {
			isa = PBXGroup;
			children = (
				36EC8AFA245CABBD00746CC8 /* RulerCompass.app */,
				36EC8B0E245CABBE00746CC8 /* RulerCompassTests.xctest */,
			);
			name = Products;
			sourceTree = "<group>";
		};
		36EC8AFC245CABBD00746CC8 /* RulerCompass */ = {
			isa = PBXGroup;
			children = (
				36EC8AFD245CABBD00746CC8 /* AppDelegate.swift */,
				36EC8B1D245CAD1100746CC8 /* BoardView.swift */,
				36EC8AFF245CABBD00746CC8 /* ViewController.swift */,
				36EC8B01245CABBD00746CC8 /* Main.storyboard */,
				36EC8B04245CABBE00746CC8 /* Assets.xcassets */,
				36EC8B06245CABBE00746CC8 /* LaunchScreen.storyboard */,
				36EC8B09245CABBE00746CC8 /* Info.plist */,
			);
			path = RulerCompass;
			sourceTree = "<group>";
		};
		36EC8B11245CABBE00746CC8 /* RulerCompassTests */ = {
			isa = PBXGroup;
			children = (
				36EC8B12245CABBE00746CC8 /* RulerCompassTests.swift */,
				36EC8B14245CABBE00746CC8 /* Info.plist */,
			);
			path = RulerCompassTests;
			sourceTree = "<group>";
		};
/* End PBXGroup section */

/* Begin PBXNativeTarget section */
		36EC8AF9245CABBD00746CC8 /* RulerCompass */ = {
			isa = PBXNativeTarget;
			buildConfigurationList = 36EC8B17245CABBE00746CC8 /* Build configuration list for PBXNativeTarget "RulerCompass" */;
			buildPhases = (
				36EC8AF6245CABBD00746CC8 /* Sources */,
				36EC8AF7245CABBD00746CC8 /* Frameworks */,
				36EC8AF8245CABBD00746CC8 /* Resources */,
			);
			buildRules = (
			);
			dependencies = (
			);
			name = RulerCompass;
			productName = RulerCompass;
			productReference = 36EC8AFA245CABBD00746CC8 /* RulerCompass.app */;
			productType = "com.apple.product-type.application";
		};
		36EC8B0D245CABBE00746CC8 /* RulerCompassTests */ = {
			isa = PBXNativeTarget;
			buildConfigurationList = 36EC8B1A245CABBE00746CC8 /* Build configuration list for PBXNativeTarget "RulerCompassTests" */;
			buildPhases = (
				36EC8B0A245CABBE00746CC8 /* Sources */,
				36EC8B0B245CABBE00746CC8 /* Frameworks */,
				36EC8B0C245CABBE00746CC8 /* Resources */,
			);
			buildRules = (
			);
			dependencies = (
				36EC8B10245CABBE00746CC8 /* PBXTargetDependency */,
			);
			name = RulerCompassTests;
			productName = RulerCompassTests;
			productReference = 36EC8B0E245CABBE00746CC8 /* RulerCompassTests.xctest */;
			productType = "com.apple.product-type.bundle.unit-test";
		};
/* End PBXNativeTarget section */

/* Begin PBXProject section */
		36EC8AF2245CABBD00746CC8 /* Project object */ = {
			isa = PBXProject;
			attributes = {
				LastSwiftUpdateCheck = 0930;
				LastUpgradeCheck = 0930;
				ORGANIZATIONNAME = "Bowen Lin";
				TargetAttributes = {
					36EC8AF9245CABBD00746CC8 = {
						CreatedOnToolsVersion = 9.3;
					};
					36EC8B0D245CABBE00746CC8 = {
						CreatedOnToolsVersion = 9.3;
						TestTargetID = 36EC8AF9245CABBD00746CC8;
					};
				};
			};
			buildConfigurationList = 36EC8AF5245CABBD00746CC8 /* Build configuration list for PBXProject "RulerCompass" */;
			compatibilityVersion = "Xcode 9.3";
			developmentRegion = en;
			hasScannedForEncodings = 0;
			knownRegions = (
				en,
				Base,
			);
			mainGroup = 36EC8AF1245CABBD00746CC8;
			productRefGroup = 36EC8AFB245CABBD00746CC8 /* Products */;
			projectDirPath = "";
			projectRoot = "";
			targets = (
				36EC8AF9245CABBD00746CC8 /* RulerCompass */,
				36EC8B0D245CABBE00746CC8 /* RulerCompassTests */,
			);
		};
/* End PBXProject section */

/* Begin PBXResourcesBuildPhase section */
		36EC8AF8245CABBD00746CC8 /* Resources */ = {
			isa = PBXResourcesBuildPhase;
			buildActionMask = 2147483647;
			files = (
				36EC8B08245CABBE00746CC8 /* LaunchScreen.storyboard in Resources */,
				36EC8B05245CABBE00746CC8 /* Assets.xcassets in Resources */,
				36EC8B03245CABBD00746CC8 /* Main.storyboard in Resources */,
			);
			runOnlyForDeploymentPostprocessing = 0;
		};
		36EC8B0C245CABBE00746CC8 /* Resources */ = {
			isa = PBXResourcesBuildPhase;
			buildActionMask = 2147483647;
			files = (
			);
			runOnlyForDeploymentPostprocessing = 0;
		};
/* End PBXResourcesBuildPhase section */

/* Begin PBXSourcesBuildPhase section */
		36EC8AF6245CABBD00746CC8 /* Sources */ = {
			isa = PBXSourcesBuildPhase;
			buildActionMask = 2147483647;
			files = (
				36EC8B1E245CAD1100746CC8 /* BoardView.swift in Sources */,
				36EC8B00245CABBD00746CC8 /* ViewController.swift in Sources */,
				36EC8AFE245CABBD00746CC8 /* AppDelegate.swift in Sources */,
			);
			runOnlyForDeploymentPostprocessing = 0;
		};
		36EC8B0A245CABBE00746CC8 /* Sources */ = {
			isa = PBXSourcesBuildPhase;
			buildActionMask = 2147483647;
			files = (
				36EC8B13245CABBE00746CC8 /* RulerCompassTests.swift in Sources */,
			);
			runOnlyForDeploymentPostprocessing = 0;
		};
/* End PBXSourcesBuildPhase section */

/* Begin PBXTargetDependency section */
		36EC8B10245CABBE00746CC8 /* PBXTargetDependency */ = {
			isa = PBXTargetDependency;
			target = 36EC8AF9245CABBD00746CC8 /* RulerCompass */;
			targetProxy = 36EC8B0F245CABBE00746CC8 /* PBXContainerItemProxy */;
		};
/* End PBXTargetDependency section */

/* Begin PBXVariantGroup section */
		36EC8B01245CABBD00746CC8 /* Main.storyboard */ = {
			isa = PBXVariantGroup;
			children = (
				36EC8B02245CABBD00746CC8 /* Base */,
			);
			name = Main.storyboard;
			sourceTree = "<group>";
		};
		36EC8B06245CABBE00746CC8 /* LaunchScreen.storyboard */ = {
			isa = PBXVariantGroup;
			children = (
				36EC8B07245CABBE00746CC8 /* Base */,
			);
			name = LaunchScreen.storyboard;
			sourceTree = "<group>";
		};
/* End PBXVariantGroup section */

/* Begin XCBuildConfiguration section */
		36EC8B15245CABBE00746CC8 /* Debug */ = {
			isa = XCBuildConfiguration;
			buildSettings = {
				ALWAYS_SEARCH_USER_PATHS = NO;
				CLANG_ANALYZER_NONNULL = YES;
				CLANG_ANALYZER_NUMBER_OBJECT_CONVERSION = YES_AGGRESSIVE;
				CLANG_CXX_LANGUAGE_STANDARD = "gnu++14";
				CLANG_CXX_LIBRARY = "libc++";
				CLANG_ENABLE_MODULES = YES;
				CLANG_ENABLE_OBJC_ARC = YES;
				CLANG_ENABLE_OBJC_WEAK = YES;
				CLANG_WARN_BLOCK_CAPTURE_AUTORELEASING = YES;
				CLANG_WARN_BOOL_CONVERSION = YES;
				CLANG_WARN_COMMA = YES;
				CLANG_WARN_CONSTANT_CONVERSION = YES;
				CLANG_WARN_DEPRECATED_OBJC_IMPLEMENTATIONS = YES;
				CLANG_WARN_DIRECT_OBJC_ISA_USAGE = YES_ERROR;
				CLANG_WARN_DOCUMENTATION_COMMENTS = YES;
				CLANG_WARN_EMPTY_BODY = YES;
				CLANG_WARN_ENUM_CONVERSION = YES;
				CLANG_WARN_INFINITE_RECURSION = YES;
				CLANG_WARN_INT_CONVERSION = YES;
				CLANG_WARN_NON_LITERAL_NULL_CONVERSION = YES;
				CLANG_WARN_OBJC_IMPLICIT_RETAIN_SELF = YES;
				CLANG_WARN_OBJC_LITERAL_CONVERSION = YES;
				CLANG_WARN_OBJC_ROOT_CLASS = YES_ERROR;
				CLANG_WARN_RANGE_LOOP_ANALYSIS = YES;
				CLANG_WARN_STRICT_PROTOTYPES = YES;
				CLANG_WARN_SUSPICIOUS_MOVE = YES;
				CLANG_WARN_UNGUARDED_AVAILABILITY = YES_AGGRESSIVE;
				CLANG_WARN_UNREACHABLE_CODE = YES;
				CLANG_WARN__DUPLICATE_METHOD_MATCH = YES;
				CODE_SIGN_IDENTITY = "iPhone Developer";
				COPY_PHASE_STRIP = NO;
				DEBUG_INFORMATION_FORMAT = dwarf;
				ENABLE_STRICT_OBJC_MSGSEND = YES;
				ENABLE_TESTABILITY = YES;
				GCC_C_LANGUAGE_STANDARD = gnu11;
				GCC_DYNAMIC_NO_PIC = NO;
				GCC_NO_COMMON_BLOCKS = YES;
				GCC_OPTIMIZATION_LEVEL = 0;
				GCC_PREPROCESSOR_DEFINITIONS = (
					"DEBUG=1",
					"$(inherited)",
				);
				GCC_WARN_64_TO_32_BIT_CONVERSION = YES;
				GCC_WARN_ABOUT_RETURN_TYPE = YES_ERROR;
				GCC_WARN_UNDECLARED_SELECTOR = YES;
				GCC_WARN_UNINITIALIZED_AUTOS = YES_AGGRESSIVE;
				GCC_WARN_UNUSED_FUNCTION = YES;
				GCC_WARN_UNUSED_VARIABLE = YES;
				IPHONEOS_DEPLOYMENT_TARGET = 11.3;
				MTL_ENABLE_DEBUG_INFO = YES;
				ONLY_ACTIVE_ARCH = YES;
				SDKROOT = iphoneos;
				SWIFT_ACTIVE_COMPILATION_CONDITIONS = DEBUG;
				SWIFT_OPTIMIZATION_LEVEL = "-Onone";
			};
			name = Debug;
		};
		36EC8B16245CABBE00746CC8 /* Release */ = {
			isa = XCBuildConfiguration;
			buildSettings = {
				ALWAYS_SEARCH_USER_PATHS = NO;
				CLANG_ANALYZER_NONNULL = YES;
				CLANG_ANALYZER_NUMBER_OBJECT_CONVERSION = YES_AGGRESSIVE;
				CLANG_CXX_LANGUAGE_STANDARD = "gnu++14";
				CLANG_CXX_LIBRARY = "libc++";
				CLANG_ENABLE_MODULES = YES;
				CLANG_ENABLE_OBJC_ARC = YES;
				CLANG_ENABLE_OBJC_WEAK = YES;
				CLANG_WARN_BLOCK_CAPTURE_AUTORELEASING = YES;
				CLANG_WARN_BOOL_CONVERSION = YES;
				CLANG_WARN_COMMA = YES;
				CLANG_WARN_CONSTANT_CONVERSION = YES;
				CLANG_WARN_DEPRECATED_OBJC_IMPLEMENTATIONS = YES;
				CLANG_WARN_DIRECT_OBJC_ISA_USAGE = YES_ERROR;
				CLANG_WARN_DOCUMENTATION_COMMENTS = YES;
				CLANG_WARN_EMPTY_BODY = YES;
				CLANG_WARN_ENUM_CONVERSION = YES;
				CLANG_WARN_INFINITE_RECURSION = YES;
				CLANG_WARN_INT_CONVERSION = YES;
				CLANG_WARN_NON_LITERAL_NULL_CONVERSION = YES;
				CLANG_WARN_OBJC_IMPLICIT_RETAIN_SELF = YES;
				CLANG_WARN_OBJC_LITERAL_CONVERSION = YES;
				CLANG_WARN_OBJC_ROOT_CLASS = YES_ERROR;
				CLANG_WARN_RANGE_LOOP_ANALYSIS = YES;
				CLANG_WARN_STRICT_PROTOTYPES = YES;
				CLANG_WARN_SUSPICIOUS_MOVE = YES;
				CLANG_WARN_UNGUARDED_AVAILABILITY = YES_AGGRESSIVE;
				CLANG_WARN_UNREACHABLE_CODE = YES;
				CLANG_WARN__DUPLICATE_METHOD_MATCH = YES;
				CODE_SIGN_IDENTITY = "iPhone Developer";
				COPY_PHASE_STRIP = NO;
				DEBUG_INFORMATION_FORMAT = "dwarf-with-dsym";
				ENABLE_NS_ASSERTIONS = NO;
				ENABLE_STRICT_OBJC_MSGSEND = YES;
				GCC_C_LANGUAGE_STANDARD = gnu11;
				GCC_NO_COMMON_BLOCKS = YES;
				GCC_WARN_64_TO_32_BIT_CONVERSION = YES;
				GCC_WARN_ABOUT_RETURN_TYPE = YES_ERROR;
				GCC_WARN_UNDECLARED_SELECTOR = YES;
				GCC_WARN_UNINITIALIZED_AUTOS = YES_AGGRESSIVE;
				GCC_WARN_UNUSED_FUNCTION = YES;
				GCC_WARN_UNUSED_VARIABLE = YES;
				IPHONEOS_DEPLOYMENT_TARGET = 11.3;
				MTL_ENABLE_DEBUG_INFO = NO;
				SDKROOT = iphoneos;
				SWIFT_COMPILATION_MODE = wholemodule;
				SWIFT_OPTIMIZATION_LEVEL = "-O";
				VALIDATE_PRODUCT = YES;
			};
			name = Release;
		};
		36EC8B18245CABBE00746CC8 /* Debug */ = {
			isa = XCBuildConfiguration;
			buildSettings = {
				ASSETCATALOG_COMPILER_APPICON_NAME = AppIcon;
				CODE_SIGN_STYLE = Automatic;
				DEVELOPMENT_TEAM = LQ8QHLLK7Q;
				INFOPLIST_FILE = RulerCompass/Info.plist;
				LD_RUNPATH_SEARCH_PATHS = (
					"$(inherited)",
					"@executable_path/Frameworks",
				);
				PRODUCT_BUNDLE_IDENTIFIER = com.goldthumb.RulerCompass;
				PRODUCT_NAME = "$(TARGET_NAME)";
				SWIFT_VERSION = 4.0;
				TARGETED_DEVICE_FAMILY = "1,2";
			};
			name = Debug;
		};
		36EC8B19245CABBE00746CC8 /* Release */ = {
			isa = XCBuildConfiguration;
			buildSettings = {
				ASSETCATALOG_COMPILER_APPICON_NAME = AppIcon;
				CODE_SIGN_STYLE = Automatic;
				DEVELOPMENT_TEAM = LQ8QHLLK7Q;
				INFOPLIST_FILE = RulerCompass/Info.plist;
				LD_RUNPATH_SEARCH_PATHS = (
					"$(inherited)",
					"@executable_path/Frameworks",
				);
				PRODUCT_BUNDLE_IDENTIFIER = com.goldthumb.RulerCompass;
				PRODUCT_NAME = "$(TARGET_NAME)";
				SWIFT_VERSION = 4.0;
				TARGETED_DEVICE_FAMILY = "1,2";
			};
			name = Release;
		};
		36EC8B1B245CABBE00746CC8 /* Debug */ = {
			isa = XCBuildConfiguration;
			buildSettings = {
				ALWAYS_EMBED_SWIFT_STANDARD_LIBRARIES = YES;
				BUNDLE_LOADER = "$(TEST_HOST)";
				CODE_SIGN_STYLE = Automatic;
				DEVELOPMENT_TEAM = LQ8QHLLK7Q;
				INFOPLIST_FILE = RulerCompassTests/Info.plist;
				LD_RUNPATH_SEARCH_PATHS = (
					"$(inherited)",
					"@executable_path/Frameworks",
					"@loader_path/Frameworks",
				);
				PRODUCT_BUNDLE_IDENTIFIER = com.goldthumb.RulerCompassTests;
				PRODUCT_NAME = "$(TARGET_NAME)";
				SWIFT_VERSION = 4.0;
				TARGETED_DEVICE_FAMILY = "1,2";
				TEST_HOST = "$(BUILT_PRODUCTS_DIR)/RulerCompass.app/RulerCompass";
			};
			name = Debug;
		};
		36EC8B1C245CABBE00746CC8 /* Release */ = {
			isa = XCBuildConfiguration;
			buildSettings = {
				ALWAYS_EMBED_SWIFT_STANDARD_LIBRARIES = YES;
				BUNDLE_LOADER = "$(TEST_HOST)";
				CODE_SIGN_STYLE = Automatic;
				DEVELOPMENT_TEAM = LQ8QHLLK7Q;
				INFOPLIST_FILE = RulerCompassTests/Info.plist;
				LD_RUNPATH_SEARCH_PATHS = (
					"$(inherited)",
					"@executable_path/Frameworks",
					"@loader_path/Frameworks",
				);
				PRODUCT_BUNDLE_IDENTIFIER = com.goldthumb.RulerCompassTests;
				PRODUCT_NAME = "$(TARGET_NAME)";
				SWIFT_VERSION = 4.0;
				TARGETED_DEVICE_FAMILY = "1,2";
				TEST_HOST = "$(BUILT_PRODUCTS_DIR)/RulerCompass.app/RulerCompass";
			};
			name = Release;
		};
/* End XCBuildConfiguration section */

/* Begin XCConfigurationList section */
		36EC8AF5245CABBD00746CC8 /* Build configuration list for PBXProject "RulerCompass" */ = {
			isa = XCConfigurationList;
			buildConfigurations = (
				36EC8B15245CABBE00746CC8 /* Debug */,
				36EC8B16245CABBE00746CC8 /* Release */,
			);
			defaultConfigurationIsVisible = 0;
			defaultConfigurationName = Release;
		};
		36EC8B17245CABBE00746CC8 /* Build configuration list for PBXNativeTarget "RulerCompass" */ = {
			isa = XCConfigurationList;
			buildConfigurations = (
				36EC8B18245CABBE00746CC8 /* Debug */,
				36EC8B19245CABBE00746CC8 /* Release */,
			);
			defaultConfigurationIsVisible = 0;
			defaultConfigurationName = Release;
		};
		36EC8B1A245CABBE00746CC8 /* Build configuration list for PBXNativeTarget "RulerCompassTests" */ = {
			isa = XCConfigurationList;
			buildConfigurations = (
				36EC8B1B245CABBE00746CC8 /* Debug */,
				36EC8B1C245CABBE00746CC8 /* Release */,
			);
			defaultConfigurationIsVisible = 0;
			defaultConfigurationName = Release;
		};
/* End XCConfigurationList section */
	};
	rootObject = 36EC8AF2245CABBD00746CC8 /* Project object */;
}
